
Microsoft Visual Studio Solution File, Format Version 12.00
# Visual Studio Version 17
VisualStudioVersion = 17.9.34902.65
MinimumVisualStudioVersion = 10.0.40219.1
Project("{FAE04EC0-301F-11D3-BF4B-00C04F79EFBC}") = "Koleksiyonlar", "Koleksiyonlar\Koleksiyonlar.csproj", "{EE381D1D-1EB1-4074-817C-474C6786B27C}"
EndProject
Project("{FAE04EC0-301F-11D3-BF4B-00C04F79EFBC}") = "GenericsIntro", "GenericsIntro\GenericsIntro.csproj", "{BE96BFD1-9B26-4801-839D-B6321F8AD501}"
EndProject
Global
	GlobalSection(SolutionConfigurationPlatforms) = preSolution
		Debug|Any CPU = Debug|Any CPU
		Release|Any CPU = Release|Any CPU
	EndGlobalSection
	GlobalSection(ProjectConfigurationPlatforms) = postSolution
		{EE381D1D-1EB1-4074-817C-474C6786B27C}.Debug|Any CPU.ActiveCfg = Debug|Any CPU
		{EE381D1D-1EB1-4074-817C-474C6786B27C}.Debug|Any CPU.Build.0 = Debug|Any CPU
		{EE381D1D-1EB1-4074-817C-474C6786B27C}.Release|Any CPU.ActiveCfg = Release|Any CPU
		{EE381D1D-1EB1-4074-817C-474C6786B27C}.Release|Any CPU.Build.0 = Release|Any CPU
		{BE96BFD1-9B26-4801-839D-B6321F8AD501}.Debug|Any CPU.ActiveCfg = Debug|Any CPU
		{BE96BFD1-9B26-4801-839D-B6321F8AD501}.Debug|Any CPU.Build.0 = Debug|Any CPU
		{BE96BFD1-9B26-4801-839D-B6321F8AD501}.Release|Any CPU.ActiveCfg = Release|Any CPU
		{BE96BFD1-9B26-4801-839D-B6321F8AD501}.Release|Any CPU.Build.0 = Release|Any CPU
	EndGlobalSection
	GlobalSection(SolutionProperties) = preSolution
		HideSolutionNode = FALSE
	EndGlobalSection
	GlobalSection(ExtensibilityGlobals) = postSolution
		SolutionGuid = {373F6090-271F-4B50-A58E-C8F535AE5460}
	EndGlobalSection
EndGlobal
